# This file is automatically @generated by Cargo.
# It is not intended for manual editing.
version = 4

[[package]]
name = "ternary-fleet-packing"
version = "0.1.0"
dependencies = [
 "ternary-matmul",
 "ternary-quantize",
 "ternary-types",
]

[[package]]
name = "ternary-matmul"
version = "0.1.0"
source = "git+https://github.com/SuperInstance/ternary-matmul.git#e3806b48bce99fe15169de0beee7e6196847a4fa"
dependencies = [
 "ternary-types",
]

[[package]]
name = "ternary-quantize"
version = "0.1.0"
source = "git+https://github.com/SuperInstance/ternary-quantize.git#2f2a154431224d7ab0d24c52cfdc8daf9f89f2af"

[[package]]
name = "ternary-types"
version = "0.2.0"
source = "git+https://github.com/SuperInstance/ternary-types.git#ca2f155f72b3a4948e4bee19b0d65143801d7dc3"
